// !$*UTF8*$!
{
	archiveVersion = 1;
	classes = {
	};
	objectVersion = 46;
	objects = {

/* Begin PBXBuildFile section */
		712A99FA1BEF849E00FE90FE /* CoreLocation.framework in Frameworks */ = {isa = PBXBuildFile; fileRef = 712A99F91BEF849E00FE90FE /* CoreLocation.framework */; };
		7174E3A31BEFAEC500170AAA /* MBProgressHUD+MJ.m in Sources */ = {isa = PBXBuildFile; fileRef = 7174E39F1BEFAEC500170AAA /* MBProgressHUD+MJ.m */; };
		7174E3A41BEFAEC500170AAA /* MBProgressHUD.bundle in Resources */ = {isa = PBXBuildFile; fileRef = 7174E3A01BEFAEC500170AAA /* MBProgressHUD.bundle */; };
		7174E3A51BEFAEC500170AAA /* MBProgressHUD.m in Sources */ = {isa = PBXBuildFile; fileRef = 7174E3A21BEFAEC500170AAA /* MBProgressHUD.m */; };
		9D121BD61BF22B92007697B2 /* DLLeftSlideView.m in Sources */ = {isa = PBXBuildFile; fileRef = 9D121BD51BF22B92007697B2 /* DLLeftSlideView.m */; settings = {ASSET_TAGS = (); }; };
		9D564D4F1BFEAB840062700D /* CYFMainViewController.m in Sources */ = {isa = PBXBuildFile; fileRef = 9D564D4E1BFEAB840062700D /* CYFMainViewController.m */; settings = {ASSET_TAGS = (); }; };
		9D564D581BFEAD220062700D /* JYMainXib.xib in Resources */ = {isa = PBXBuildFile; fileRef = 9D564D571BFEAD220062700D /* JYMainXib.xib */; settings = {ASSET_TAGS = (); }; };
		9D564D5B1BFEAD630062700D /* JYMainView.m in Sources */ = {isa = PBXBuildFile; fileRef = 9D564D5A1BFEAD630062700D /* JYMainView.m */; settings = {ASSET_TAGS = (); }; };
		9D564DB71BFF688A0062700D /* CYFCollectionViewCell.m in Sources */ = {isa = PBXBuildFile; fileRef = 9D564DB61BFF688A0062700D /* CYFCollectionViewCell.m */; settings = {ASSET_TAGS = (); }; };
		9D564DBA1BFF68DD0062700D /* CYFCollectionReusableView.m in Sources */ = {isa = PBXBuildFile; fileRef = 9D564DB91BFF68DD0062700D /* CYFCollectionReusableView.m */; settings = {ASSET_TAGS = (); }; };
		9D564DBE1BFF69A10062700D /* CYFFurnitureViewController.m in Sources */ = {isa = PBXBuildFile; fileRef = 9D564DBC1BFF69A10062700D /* CYFFurnitureViewController.m */; settings = {ASSET_TAGS = (); }; };
		9D564DBF1BFF69A10062700D /* CYFFurnitureViewController.xib in Resources */ = {isa = PBXBuildFile; fileRef = 9D564DBD1BFF69A10062700D /* CYFFurnitureViewController.xib */; settings = {ASSET_TAGS = (); }; };
		9D564DC21BFFF6E50062700D /* JYElectricalController.m in Sources */ = {isa = PBXBuildFile; fileRef = 9D564DC11BFFF6E50062700D /* JYElectricalController.m */; settings = {ASSET_TAGS = (); }; };
		9D564DC51C0007290062700D /* JYFurniture.m in Sources */ = {isa = PBXBuildFile; fileRef = 9D564DC41C0007290062700D /* JYFurniture.m */; settings = {ASSET_TAGS = (); }; };
		9D5FF5AB1BE9930B004371E5 /* JYRegister.xib in Resources */ = {isa = PBXBuildFile; fileRef = 9D5FF5AA1BE9930B004371E5 /* JYRegister.xib */; };
		9D5FF5AE1BE9942A004371E5 /* JYRegisterXib.m in Sources */ = {isa = PBXBuildFile; fileRef = 9D5FF5AD1BE9942A004371E5 /* JYRegisterXib.m */; };
		9D5FF5B41BEA2C2E004371E5 /* JYNavigationController.m in Sources */ = {isa = PBXBuildFile; fileRef = 9D5FF5B31BEA2C2E004371E5 /* JYNavigationController.m */; };
		9D6568641BEB846F006D9507 /* JYLoginStatus.m in Sources */ = {isa = PBXBuildFile; fileRef = 9D6568631BEB846F006D9507 /* JYLoginStatus.m */; };
		9D6568671BEB8861006D9507 /* JYUserData.m in Sources */ = {isa = PBXBuildFile; fileRef = 9D6568661BEB8861006D9507 /* JYUserData.m */; };
		9D7D5A521BE472D300E1E1EF /* Zju_SmartHome.xcdatamodeld in Sources */ = {isa = PBXBuildFile; fileRef = 9D7D5A501BE472D300E1E1EF /* Zju_SmartHome.xcdatamodeld */; };
		9D7D5A541BE472D300E1E1EF /* Assets.xcassets in Resources */ = {isa = PBXBuildFile; fileRef = 9D7D5A531BE472D300E1E1EF /* Assets.xcassets */; };
		9D7D5A571BE472D300E1E1EF /* LaunchScreen.storyboard in Resources */ = {isa = PBXBuildFile; fileRef = 9D7D5A551BE472D300E1E1EF /* LaunchScreen.storyboard */; };
		9D7D5A621BE472D300E1E1EF /* Zju_SmartHomeTests.m in Sources */ = {isa = PBXBuildFile; fileRef = 9D7D5A611BE472D300E1E1EF /* Zju_SmartHomeTests.m */; };
		9D7D5A6D1BE472D300E1E1EF /* Zju_SmartHomeUITests.m in Sources */ = {isa = PBXBuildFile; fileRef = 9D7D5A6C1BE472D300E1E1EF /* Zju_SmartHomeUITests.m */; };
		9D7D5A861BE4740100E1E1EF /* AppDelegate.m in Sources */ = {isa = PBXBuildFile; fileRef = 9D7D5A831BE4740100E1E1EF /* AppDelegate.m */; };
		9D7D5A871BE4740100E1E1EF /* main.m in Sources */ = {isa = PBXBuildFile; fileRef = 9D7D5A841BE4740100E1E1EF /* main.m */; };
		9D7D5A8A1BE4744000E1E1EF /* JYLoginViewController.m in Sources */ = {isa = PBXBuildFile; fileRef = 9D7D5A891BE4744000E1E1EF /* JYLoginViewController.m */; };
		9D7D5A8C1BE4748200E1E1EF /* loginXib.xib in Resources */ = {isa = PBXBuildFile; fileRef = 9D7D5A8B1BE4748200E1E1EF /* loginXib.xib */; };
		9D7D5A8F1BE474BD00E1E1EF /* JYLoginXib.m in Sources */ = {isa = PBXBuildFile; fileRef = 9D7D5A8E1BE474BD00E1E1EF /* JYLoginXib.m */; };
		9DB7CC941BE8FD7C0044AA75 /* JYRegisterViewController.m in Sources */ = {isa = PBXBuildFile; fileRef = 9DB7CC931BE8FD7C0044AA75 /* JYRegisterViewController.m */; };
		EF249F846089741C690DEED3 /* libPods.a in Frameworks */ = {isa = PBXBuildFile; fileRef = 88554DE0CE3743A8B110C726 /* libPods.a */; };
/* End PBXBuildFile section */

/* Begin PBXContainerItemProxy section */
		9D7D5A5E1BE472D300E1E1EF /* PBXContainerItemProxy */ = {
			isa = PBXContainerItemProxy;
			containerPortal = 9D7D5A391BE472D300E1E1EF /* Project object */;
			proxyType = 1;
			remoteGlobalIDString = 9D7D5A401BE472D300E1E1EF;
			remoteInfo = Zju_SmartHome;
		};
		9D7D5A691BE472D300E1E1EF /* PBXContainerItemProxy */ = {
			isa = PBXContainerItemProxy;
			containerPortal = 9D7D5A391BE472D300E1E1EF /* Project object */;
			proxyType = 1;
			remoteGlobalIDString = 9D7D5A401BE472D300E1E1EF;
			remoteInfo = Zju_SmartHome;
		};
/* End PBXContainerItemProxy section */

/* Begin PBXFileReference section */
		5C2168D92BC3D6A7F5365A43 /* Pods.debug.xcconfig */ = {isa = PBXFileReference; includeInIndex = 1; lastKnownFileType = text.xcconfig; name = Pods.debug.xcconfig; path = "Pods/Target Support Files/Pods/Pods.debug.xcconfig"; sourceTree = "<group>"; };
		712A99F91BEF849E00FE90FE /* CoreLocation.framework */ = {isa = PBXFileReference; lastKnownFileType = wrapper.framework; name = CoreLocation.framework; path = System/Library/Frameworks/CoreLocation.framework; sourceTree = SDKROOT; };
		7174E39E1BEFAEC500170AAA /* MBProgressHUD+MJ.h */ = {isa = PBXFileReference; fileEncoding = 4; lastKnownFileType = sourcecode.c.h; path = "MBProgressHUD+MJ.h"; sourceTree = "<group>"; };
		7174E39F1BEFAEC500170AAA /* MBProgressHUD+MJ.m */ = {isa = PBXFileReference; fileEncoding = 4; lastKnownFileType = sourcecode.c.objc; path = "MBProgressHUD+MJ.m"; sourceTree = "<group>"; };
		7174E3A01BEFAEC500170AAA /* MBProgressHUD.bundle */ = {isa = PBXFileReference; lastKnownFileType = "wrapper.plug-in"; path = MBProgressHUD.bundle; sourceTree = "<group>"; };
		7174E3A11BEFAEC500170AAA /* MBProgressHUD.h */ = {isa = PBXFileReference; fileEncoding = 4; lastKnownFileType = sourcecode.c.h; path = MBProgressHUD.h; sourceTree = "<group>"; };
		7174E3A21BEFAEC500170AAA /* MBProgressHUD.m */ = {isa = PBXFileReference; fileEncoding = 4; lastKnownFileType = sourcecode.c.objc; path = MBProgressHUD.m; sourceTree = "<group>"; };
		88554DE0CE3743A8B110C726 /* libPods.a */ = {isa = PBXFileReference; explicitFileType = archive.ar; includeInIndex = 0; path = libPods.a; sourceTree = BUILT_PRODUCTS_DIR; };
		9D121BD41BF22B92007697B2 /* DLLeftSlideView.h */ = {isa = PBXFileReference; fileEncoding = 4; lastKnownFileType = sourcecode.c.h; name = DLLeftSlideView.h; path = Zju_SmartHome/Classes/Login/Main/Controller/DLLeftSlideView.h; sourceTree = SOURCE_ROOT; };
		9D121BD51BF22B92007697B2 /* DLLeftSlideView.m */ = {isa = PBXFileReference; fileEncoding = 4; lastKnownFileType = sourcecode.c.objc; name = DLLeftSlideView.m; path = Zju_SmartHome/Classes/Login/Main/Controller/DLLeftSlideView.m; sourceTree = SOURCE_ROOT; };
		9D564D4D1BFEAB840062700D /* CYFMainViewController.h */ = {isa = PBXFileReference; fileEncoding = 4; lastKnownFileType = sourcecode.c.h; path = CYFMainViewController.h; sourceTree = "<group>"; };
		9D564D4E1BFEAB840062700D /* CYFMainViewController.m */ = {isa = PBXFileReference; fileEncoding = 4; lastKnownFileType = sourcecode.c.objc; path = CYFMainViewController.m; sourceTree = "<group>"; };
		9D564D571BFEAD220062700D /* JYMainXib.xib */ = {isa = PBXFileReference; fileEncoding = 4; lastKnownFileType = file.xib; path = JYMainXib.xib; sourceTree = "<group>"; };
		9D564D591BFEAD630062700D /* JYMainView.h */ = {isa = PBXFileReference; fileEncoding = 4; lastKnownFileType = sourcecode.c.h; name = JYMainView.h; path = Zju_SmartHome/Classes/Login/Main/JYMainView.h; sourceTree = SOURCE_ROOT; };
		9D564D5A1BFEAD630062700D /* JYMainView.m */ = {isa = PBXFileReference; fileEncoding = 4; lastKnownFileType = sourcecode.c.objc; name = JYMainView.m; path = Zju_SmartHome/Classes/Login/Main/JYMainView.m; sourceTree = SOURCE_ROOT; };
		9D564DB51BFF688A0062700D /* CYFCollectionViewCell.h */ = {isa = PBXFileReference; fileEncoding = 4; lastKnownFileType = sourcecode.c.h; path = CYFCollectionViewCell.h; sourceTree = "<group>"; };
		9D564DB61BFF688A0062700D /* CYFCollectionViewCell.m */ = {isa = PBXFileReference; fileEncoding = 4; lastKnownFileType = sourcecode.c.objc; path = CYFCollectionViewCell.m; sourceTree = "<group>"; };
		9D564DB81BFF68DD0062700D /* CYFCollectionReusableView.h */ = {isa = PBXFileReference; fileEncoding = 4; lastKnownFileType = sourcecode.c.h; path = CYFCollectionReusableView.h; sourceTree = "<group>"; };
		9D564DB91BFF68DD0062700D /* CYFCollectionReusableView.m */ = {isa = PBXFileReference; fileEncoding = 4; lastKnownFileType = sourcecode.c.objc; path = CYFCollectionReusableView.m; sourceTree = "<group>"; };
		9D564DBB1BFF69A10062700D /* CYFFurnitureViewController.h */ = {isa = PBXFileReference; fileEncoding = 4; lastKnownFileType = sourcecode.c.h; path = CYFFurnitureViewController.h; sourceTree = "<group>"; };
		9D564DBC1BFF69A10062700D /* CYFFurnitureViewController.m */ = {isa = PBXFileReference; fileEncoding = 4; lastKnownFileType = sourcecode.c.objc; path = CYFFurnitureViewController.m; sourceTree = "<group>"; };
		9D564DBD1BFF69A10062700D /* CYFFurnitureViewController.xib */ = {isa = PBXFileReference; fileEncoding = 4; lastKnownFileType = file.xib; path = CYFFurnitureViewController.xib; sourceTree = "<group>"; };
		9D564DC01BFFF6E50062700D /* JYElectricalController.h */ = {isa = PBXFileReference; fileEncoding = 4; lastKnownFileType = sourcecode.c.h; path = JYElectricalController.h; sourceTree = "<group>"; };
		9D564DC11BFFF6E50062700D /* JYElectricalController.m */ = {isa = PBXFileReference; fileEncoding = 4; lastKnownFileType = sourcecode.c.objc; path = JYElectricalController.m; sourceTree = "<group>"; };
		9D564DC31C0007290062700D /* JYFurniture.h */ = {isa = PBXFileReference; fileEncoding = 4; lastKnownFileType = sourcecode.c.h; path = JYFurniture.h; sourceTree = "<group>"; };
		9D564DC41C0007290062700D /* JYFurniture.m */ = {isa = PBXFileReference; fileEncoding = 4; lastKnownFileType = sourcecode.c.objc; path = JYFurniture.m; sourceTree = "<group>"; };
		9D5FF5AA1BE9930B004371E5 /* JYRegister.xib */ = {isa = PBXFileReference; fileEncoding = 4; lastKnownFileType = file.xib; path = JYRegister.xib; sourceTree = "<group>"; };
		9D5FF5AC1BE9942A004371E5 /* JYRegisterXib.h */ = {isa = PBXFileReference; fileEncoding = 4; lastKnownFileType = sourcecode.c.h; path = JYRegisterXib.h; sourceTree = "<group>"; };
		9D5FF5AD1BE9942A004371E5 /* JYRegisterXib.m */ = {isa = PBXFileReference; fileEncoding = 4; lastKnownFileType = sourcecode.c.objc; path = JYRegisterXib.m; sourceTree = "<group>"; };
		9D5FF5B21BEA2C2E004371E5 /* JYNavigationController.h */ = {isa = PBXFileReference; fileEncoding = 4; lastKnownFileType = sourcecode.c.h; path = JYNavigationController.h; sourceTree = "<group>"; };
		9D5FF5B31BEA2C2E004371E5 /* JYNavigationController.m */ = {isa = PBXFileReference; fileEncoding = 4; lastKnownFileType = sourcecode.c.objc; path = JYNavigationController.m; sourceTree = "<group>"; };
		9D6568621BEB846F006D9507 /* JYLoginStatus.h */ = {isa = PBXFileReference; fileEncoding = 4; lastKnownFileType = sourcecode.c.h; path = JYLoginStatus.h; sourceTree = "<group>"; };
		9D6568631BEB846F006D9507 /* JYLoginStatus.m */ = {isa = PBXFileReference; fileEncoding = 4; lastKnownFileType = sourcecode.c.objc; path = JYLoginStatus.m; sourceTree = "<group>"; };
		9D6568651BEB8861006D9507 /* JYUserData.h */ = {isa = PBXFileReference; fileEncoding = 4; lastKnownFileType = sourcecode.c.h; path = JYUserData.h; sourceTree = "<group>"; };
		9D6568661BEB8861006D9507 /* JYUserData.m */ = {isa = PBXFileReference; fileEncoding = 4; lastKnownFileType = sourcecode.c.objc; path = JYUserData.m; sourceTree = "<group>"; };
		9D7D5A411BE472D300E1E1EF /* Zju_SmartHome.app */ = {isa = PBXFileReference; explicitFileType = wrapper.application; includeInIndex = 0; path = Zju_SmartHome.app; sourceTree = BUILT_PRODUCTS_DIR; };
		9D7D5A511BE472D300E1E1EF /* Zju_SmartHome.xcdatamodel */ = {isa = PBXFileReference; lastKnownFileType = wrapper.xcdatamodel; path = Zju_SmartHome.xcdatamodel; sourceTree = "<group>"; };
		9D7D5A531BE472D300E1E1EF /* Assets.xcassets */ = {isa = PBXFileReference; lastKnownFileType = folder.assetcatalog; path = Assets.xcassets; sourceTree = "<group>"; };
		9D7D5A561BE472D300E1E1EF /* Base */ = {isa = PBXFileReference; lastKnownFileType = file.storyboard; name = Base; path = Base.lproj/LaunchScreen.storyboard; sourceTree = "<group>"; };
		9D7D5A581BE472D300E1E1EF /* Info.plist */ = {isa = PBXFileReference; lastKnownFileType = text.plist.xml; path = Info.plist; sourceTree = "<group>"; };
		9D7D5A5D1BE472D300E1E1EF /* Zju_SmartHomeTests.xctest */ = {isa = PBXFileReference; explicitFileType = wrapper.cfbundle; includeInIndex = 0; path = Zju_SmartHomeTests.xctest; sourceTree = BUILT_PRODUCTS_DIR; };
		9D7D5A611BE472D300E1E1EF /* Zju_SmartHomeTests.m */ = {isa = PBXFileReference; lastKnownFileType = sourcecode.c.objc; path = Zju_SmartHomeTests.m; sourceTree = "<group>"; };
		9D7D5A631BE472D300E1E1EF /* Info.plist */ = {isa = PBXFileReference; lastKnownFileType = text.plist.xml; path = Info.plist; sourceTree = "<group>"; };
		9D7D5A681BE472D300E1E1EF /* Zju_SmartHomeUITests.xctest */ = {isa = PBXFileReference; explicitFileType = wrapper.cfbundle; includeInIndex = 0; path = Zju_SmartHomeUITests.xctest; sourceTree = BUILT_PRODUCTS_DIR; };
		9D7D5A6C1BE472D300E1E1EF /* Zju_SmartHomeUITests.m */ = {isa = PBXFileReference; lastKnownFileType = sourcecode.c.objc; path = Zju_SmartHomeUITests.m; sourceTree = "<group>"; };
		9D7D5A6E1BE472D300E1E1EF /* Info.plist */ = {isa = PBXFileReference; lastKnownFileType = text.plist.xml; path = Info.plist; sourceTree = "<group>"; };
		9D7D5A821BE4740100E1E1EF /* AppDelegate.h */ = {isa = PBXFileReference; fileEncoding = 4; lastKnownFileType = sourcecode.c.h; path = AppDelegate.h; sourceTree = "<group>"; };
		9D7D5A831BE4740100E1E1EF /* AppDelegate.m */ = {isa = PBXFileReference; fileEncoding = 4; lastKnownFileType = sourcecode.c.objc; path = AppDelegate.m; sourceTree = "<group>"; };
		9D7D5A841BE4740100E1E1EF /* main.m */ = {isa = PBXFileReference; fileEncoding = 4; lastKnownFileType = sourcecode.c.objc; path = main.m; sourceTree = "<group>"; };
		9D7D5A881BE4744000E1E1EF /* JYLoginViewController.h */ = {isa = PBXFileReference; fileEncoding = 4; lastKnownFileType = sourcecode.c.h; path = JYLoginViewController.h; sourceTree = "<group>"; };
		9D7D5A891BE4744000E1E1EF /* JYLoginViewController.m */ = {isa = PBXFileReference; fileEncoding = 4; lastKnownFileType = sourcecode.c.objc; path = JYLoginViewController.m; sourceTree = "<group>"; };
		9D7D5A8B1BE4748200E1E1EF /* loginXib.xib */ = {isa = PBXFileReference; fileEncoding = 4; lastKnownFileType = file.xib; path = loginXib.xib; sourceTree = "<group>"; };
		9D7D5A8D1BE474BD00E1E1EF /* JYLoginXib.h */ = {isa = PBXFileReference; fileEncoding = 4; lastKnownFileType = sourcecode.c.h; path = JYLoginXib.h; sourceTree = "<group>"; };
		9D7D5A8E1BE474BD00E1E1EF /* JYLoginXib.m */ = {isa = PBXFileReference; fileEncoding = 4; lastKnownFileType = sourcecode.c.objc; path = JYLoginXib.m; sourceTree = "<group>"; };
		9DB7CC921BE8FD7C0044AA75 /* JYRegisterViewController.h */ = {isa = PBXFileReference; fileEncoding = 4; lastKnownFileType = sourcecode.c.h; path = JYRegisterViewController.h; sourceTree = "<group>"; };
		9DB7CC931BE8FD7C0044AA75 /* JYRegisterViewController.m */ = {isa = PBXFileReference; fileEncoding = 4; lastKnownFileType = sourcecode.c.objc; path = JYRegisterViewController.m; sourceTree = "<group>"; };
		FFC4EA9F1F216133F840AA56 /* Pods.release.xcconfig */ = {isa = PBXFileReference; includeInIndex = 1; lastKnownFileType = text.xcconfig; name = Pods.release.xcconfig; path = "Pods/Target Support Files/Pods/Pods.release.xcconfig"; sourceTree = "<group>"; };
/* End PBXFileReference section */

/* Begin PBXFrameworksBuildPhase section */
		9D7D5A3E1BE472D300E1E1EF /* Frameworks */ = {
			isa = PBXFrameworksBuildPhase;
			buildActionMask = 2147483647;
			files = (
				712A99FA1BEF849E00FE90FE /* CoreLocation.framework in Frameworks */,
				EF249F846089741C690DEED3 /* libPods.a in Frameworks */,
			);
			runOnlyForDeploymentPostprocessing = 0;
		};
		9D7D5A5A1BE472D300E1E1EF /* Frameworks */ = {
			isa = PBXFrameworksBuildPhase;
			buildActionMask = 2147483647;
			files = (
			);
			runOnlyForDeploymentPostprocessing = 0;
		};
		9D7D5A651BE472D300E1E1EF /* Frameworks */ = {
			isa = PBXFrameworksBuildPhase;
			buildActionMask = 2147483647;
			files = (
			);
			runOnlyForDeploymentPostprocessing = 0;
		};
/* End PBXFrameworksBuildPhase section */

/* Begin PBXGroup section */
		34B4CBD7F21B7F677264D3DC /* Pods */ = {
			isa = PBXGroup;
			children = (
				5C2168D92BC3D6A7F5365A43 /* Pods.debug.xcconfig */,
				FFC4EA9F1F216133F840AA56 /* Pods.release.xcconfig */,
			);
			name = Pods;
			sourceTree = "<group>";
		};
		440D4D061BF1C70400447F8E /* Controller */ = {
			isa = PBXGroup;
			children = (
				9D564D4D1BFEAB840062700D /* CYFMainViewController.h */,
				9D564D4E1BFEAB840062700D /* CYFMainViewController.m */,
			);
			path = Controller;
			sourceTree = "<group>";
		};
		7174E39D1BEFAEC500170AAA /* MBProgressHUD */ = {
			isa = PBXGroup;
			children = (
				7174E39E1BEFAEC500170AAA /* MBProgressHUD+MJ.h */,
				7174E39F1BEFAEC500170AAA /* MBProgressHUD+MJ.m */,
				7174E3A01BEFAEC500170AAA /* MBProgressHUD.bundle */,
				7174E3A11BEFAEC500170AAA /* MBProgressHUD.h */,
				7174E3A21BEFAEC500170AAA /* MBProgressHUD.m */,
			);
			path = MBProgressHUD;
			sourceTree = "<group>";
		};
		9D564D561BFEAD050062700D /* VIew */ = {
			isa = PBXGroup;
			children = (
				9D121BD41BF22B92007697B2 /* DLLeftSlideView.h */,
				9D121BD51BF22B92007697B2 /* DLLeftSlideView.m */,
				9D564D571BFEAD220062700D /* JYMainXib.xib */,
			);
			name = VIew;
			sourceTree = "<group>";
		};
		9D564DAB1BFF67140062700D /* Furniture */ = {
			isa = PBXGroup;
			children = (
				9D564DAE1BFF673E0062700D /* Controller */,
				9D564DAD1BFF67370062700D /* View */,
				9D564DAC1BFF672E0062700D /* Model */,
			);
			name = Furniture;
			sourceTree = "<group>";
		};
		9D564DAC1BFF672E0062700D /* Model */ = {
			isa = PBXGroup;
			children = (
				9D564DC31C0007290062700D /* JYFurniture.h */,
				9D564DC41C0007290062700D /* JYFurniture.m */,
			);
			name = Model;
			sourceTree = "<group>";
		};
		9D564DAD1BFF67370062700D /* View */ = {
			isa = PBXGroup;
			children = (
				9D564DB51BFF688A0062700D /* CYFCollectionViewCell.h */,
				9D564DB61BFF688A0062700D /* CYFCollectionViewCell.m */,
				9D564DB81BFF68DD0062700D /* CYFCollectionReusableView.h */,
				9D564DB91BFF68DD0062700D /* CYFCollectionReusableView.m */,
			);
			name = View;
			sourceTree = "<group>";
		};
		9D564DAE1BFF673E0062700D /* Controller */ = {
			isa = PBXGroup;
			children = (
				9D564DBB1BFF69A10062700D /* CYFFurnitureViewController.h */,
				9D564DBC1BFF69A10062700D /* CYFFurnitureViewController.m */,
				9D564DBD1BFF69A10062700D /* CYFFurnitureViewController.xib */,
				9D564DC01BFFF6E50062700D /* JYElectricalController.h */,
				9D564DC11BFFF6E50062700D /* JYElectricalController.m */,
			);
			name = Controller;
			sourceTree = "<group>";
		};
		9D6568441BEB7244006D9507 /* Libs */ = {
			isa = PBXGroup;
			children = (
			);
			path = Libs;
			sourceTree = "<group>";
		};
		9D6568681BEBA04B006D9507 /* Main */ = {
			isa = PBXGroup;
			children = (
				9D564D561BFEAD050062700D /* VIew */,
				440D4D061BF1C70400447F8E /* Controller */,
				9D65686A1BEBA04B006D9507 /* Model */,
			);
			name = Main;
			path = Login/Main;
			sourceTree = "<group>";
		};
		9D65686A1BEBA04B006D9507 /* Model */ = {
			isa = PBXGroup;
			children = (
				9D564D591BFEAD630062700D /* JYMainView.h */,
				9D564D5A1BFEAD630062700D /* JYMainView.m */,
			);
			path = Model;
			sourceTree = "<group>";
		};
		9D7D5A381BE472D300E1E1EF = {
			isa = PBXGroup;
			children = (
				9D7D5A431BE472D300E1E1EF /* Zju_SmartHome */,
				9D7D5A601BE472D300E1E1EF /* Zju_SmartHomeTests */,
				9D7D5A6B1BE472D300E1E1EF /* Zju_SmartHomeUITests */,
				9D7D5A421BE472D300E1E1EF /* Products */,
				34B4CBD7F21B7F677264D3DC /* Pods */,
				AA1C67C6D1B3A41B26503294 /* Frameworks */,
			);
			sourceTree = "<group>";
		};
		9D7D5A421BE472D300E1E1EF /* Products */ = {
			isa = PBXGroup;
			children = (
				9D7D5A411BE472D300E1E1EF /* Zju_SmartHome.app */,
				9D7D5A5D1BE472D300E1E1EF /* Zju_SmartHomeTests.xctest */,
				9D7D5A681BE472D300E1E1EF /* Zju_SmartHomeUITests.xctest */,
			);
			name = Products;
			sourceTree = "<group>";
		};
		9D7D5A431BE472D300E1E1EF /* Zju_SmartHome */ = {
			isa = PBXGroup;
			children = (
				9D7D5A7A1BE4740100E1E1EF /* Classes */,
				9D7D5A441BE472D300E1E1EF /* Supporting Files */,
			);
			path = Zju_SmartHome;
			sourceTree = "<group>";
		};
		9D7D5A441BE472D300E1E1EF /* Supporting Files */ = {
			isa = PBXGroup;
			children = (
				9D7D5A531BE472D300E1E1EF /* Assets.xcassets */,
				9D7D5A551BE472D300E1E1EF /* LaunchScreen.storyboard */,
				9D7D5A581BE472D300E1E1EF /* Info.plist */,
				9D7D5A501BE472D300E1E1EF /* Zju_SmartHome.xcdatamodeld */,
			);
			name = "Supporting Files";
			sourceTree = "<group>";
		};
		9D7D5A601BE472D300E1E1EF /* Zju_SmartHomeTests */ = {
			isa = PBXGroup;
			children = (
				9D7D5A611BE472D300E1E1EF /* Zju_SmartHomeTests.m */,
				9D7D5A631BE472D300E1E1EF /* Info.plist */,
			);
			path = Zju_SmartHomeTests;
			sourceTree = "<group>";
		};
		9D7D5A6B1BE472D300E1E1EF /* Zju_SmartHomeUITests */ = {
			isa = PBXGroup;
			children = (
				9D7D5A6C1BE472D300E1E1EF /* Zju_SmartHomeUITests.m */,
				9D7D5A6E1BE472D300E1E1EF /* Info.plist */,
			);
			path = Zju_SmartHomeUITests;
			sourceTree = "<group>";
		};
		9D7D5A7A1BE4740100E1E1EF /* Classes */ = {
			isa = PBXGroup;
			children = (
				7174E39D1BEFAEC500170AAA /* MBProgressHUD */,
				9D6568441BEB7244006D9507 /* Libs */,
				9D7D5A811BE4740100E1E1EF /* Other */,
				9D7D5A7B1BE4740100E1E1EF /* Login */,
				9D6568681BEBA04B006D9507 /* Main */,
				9D564DAB1BFF67140062700D /* Furniture */,
			);
			path = Classes;
			sourceTree = "<group>";
		};
		9D7D5A7B1BE4740100E1E1EF /* Login */ = {
			isa = PBXGroup;
			children = (
				9D7D5A801BE4740100E1E1EF /* View */,
				9D7D5A7F1BE4740100E1E1EF /* Model */,
				9D7D5A7C1BE4740100E1E1EF /* Controller */,
			);
			path = Login;
			sourceTree = "<group>";
		};
		9D7D5A7C1BE4740100E1E1EF /* Controller */ = {
			isa = PBXGroup;
			children = (
				9D7D5A881BE4744000E1E1EF /* JYLoginViewController.h */,
				9D7D5A891BE4744000E1E1EF /* JYLoginViewController.m */,
				9DB7CC921BE8FD7C0044AA75 /* JYRegisterViewController.h */,
				9DB7CC931BE8FD7C0044AA75 /* JYRegisterViewController.m */,
			);
			path = Controller;
			sourceTree = "<group>";
		};
		9D7D5A7F1BE4740100E1E1EF /* Model */ = {
			isa = PBXGroup;
			children = (
				9D6568621BEB846F006D9507 /* JYLoginStatus.h */,
				9D6568631BEB846F006D9507 /* JYLoginStatus.m */,
				9D6568651BEB8861006D9507 /* JYUserData.h */,
				9D6568661BEB8861006D9507 /* JYUserData.m */,
			);
			path = Model;
			sourceTree = "<group>";
		};
		9D7D5A801BE4740100E1E1EF /* View */ = {
			isa = PBXGroup;
			children = (
				9D7D5A8B1BE4748200E1E1EF /* loginXib.xib */,
				9D7D5A8D1BE474BD00E1E1EF /* JYLoginXib.h */,
				9D7D5A8E1BE474BD00E1E1EF /* JYLoginXib.m */,
				9D5FF5AA1BE9930B004371E5 /* JYRegister.xib */,
				9D5FF5AC1BE9942A004371E5 /* JYRegisterXib.h */,
				9D5FF5AD1BE9942A004371E5 /* JYRegisterXib.m */,
			);
			path = View;
			sourceTree = "<group>";
		};
		9D7D5A811BE4740100E1E1EF /* Other */ = {
			isa = PBXGroup;
			children = (
				9D7D5A841BE4740100E1E1EF /* main.m */,
				9D7D5A821BE4740100E1E1EF /* AppDelegate.h */,
				9D7D5A831BE4740100E1E1EF /* AppDelegate.m */,
				9D5FF5B21BEA2C2E004371E5 /* JYNavigationController.h */,
				9D5FF5B31BEA2C2E004371E5 /* JYNavigationController.m */,
			);
			path = Other;
			sourceTree = "<group>";
		};
		AA1C67C6D1B3A41B26503294 /* Frameworks */ = {
			isa = PBXGroup;
			children = (
				712A99F91BEF849E00FE90FE /* CoreLocation.framework */,
				88554DE0CE3743A8B110C726 /* libPods.a */,
			);
			name = Frameworks;
			sourceTree = "<group>";
		};
/* End PBXGroup section */

/* Begin PBXNativeTarget section */
		9D7D5A401BE472D300E1E1EF /* Zju_SmartHome */ = {
			isa = PBXNativeTarget;
			buildConfigurationList = 9D7D5A711BE472D300E1E1EF /* Build configuration list for PBXNativeTarget "Zju_SmartHome" */;
			buildPhases = (
				0A205A5F0820BBA8CBA8A71B /* Check Pods Manifest.lock */,
				9D7D5A3D1BE472D300E1E1EF /* Sources */,
				9D7D5A3E1BE472D300E1E1EF /* Frameworks */,
				9D7D5A3F1BE472D300E1E1EF /* Resources */,
				557BEA33016C3EA663A6C9C0 /* Embed Pods Frameworks */,
				20A44C86D79743DB6CE47985 /* Copy Pods Resources */,
			);
			buildRules = (
			);
			dependencies = (
			);
			name = Zju_SmartHome;
			productName = Zju_SmartHome;
			productReference = 9D7D5A411BE472D300E1E1EF /* Zju_SmartHome.app */;
			productType = "com.apple.product-type.application";
		};
		9D7D5A5C1BE472D300E1E1EF /* Zju_SmartHomeTests */ = {
			isa = PBXNativeTarget;
			buildConfigurationList = 9D7D5A741BE472D300E1E1EF /* Build configuration list for PBXNativeTarget "Zju_SmartHomeTests" */;
			buildPhases = (
				9D7D5A591BE472D300E1E1EF /* Sources */,
				9D7D5A5A1BE472D300E1E1EF /* Frameworks */,
				9D7D5A5B1BE472D300E1E1EF /* Resources */,
			);
			buildRules = (
			);
			dependencies = (
				9D7D5A5F1BE472D300E1E1EF /* PBXTargetDependency */,
			);
			name = Zju_SmartHomeTests;
			productName = Zju_SmartHomeTests;
			productReference = 9D7D5A5D1BE472D300E1E1EF /* Zju_SmartHomeTests.xctest */;
			productType = "com.apple.product-type.bundle.unit-test";
		};
		9D7D5A671BE472D300E1E1EF /* Zju_SmartHomeUITests */ = {
			isa = PBXNativeTarget;
			buildConfigurationList = 9D7D5A771BE472D300E1E1EF /* Build configuration list for PBXNativeTarget "Zju_SmartHomeUITests" */;
			buildPhases = (
				9D7D5A641BE472D300E1E1EF /* Sources */,
				9D7D5A651BE472D300E1E1EF /* Frameworks */,
				9D7D5A661BE472D300E1E1EF /* Resources */,
			);
			buildRules = (
			);
			dependencies = (
				9D7D5A6A1BE472D300E1E1EF /* PBXTargetDependency */,
			);
			name = Zju_SmartHomeUITests;
			productName = Zju_SmartHomeUITests;
			productReference = 9D7D5A681BE472D300E1E1EF /* Zju_SmartHomeUITests.xctest */;
			productType = "com.apple.product-type.bundle.ui-testing";
		};
/* End PBXNativeTarget section */

/* Begin PBXProject section */
		9D7D5A391BE472D300E1E1EF /* Project object */ = {
			isa = PBXProject;
			attributes = {
				LastUpgradeCheck = 0700;
				ORGANIZATIONNAME = GJY;
				TargetAttributes = {
					9D7D5A401BE472D300E1E1EF = {
						CreatedOnToolsVersion = 7.0.1;
						DevelopmentTeam = 66F9B76GET;
					};
					9D7D5A5C1BE472D300E1E1EF = {
						CreatedOnToolsVersion = 7.0.1;
						DevelopmentTeam = 66F9B76GET;
						TestTargetID = 9D7D5A401BE472D300E1E1EF;
					};
					9D7D5A671BE472D300E1E1EF = {
						CreatedOnToolsVersion = 7.0.1;
						DevelopmentTeam = 66F9B76GET;
						TestTargetID = 9D7D5A401BE472D300E1E1EF;
					};
				};
			};
			buildConfigurationList = 9D7D5A3C1BE472D300E1E1EF /* Build configuration list for PBXProject "Zju_SmartHome" */;
			compatibilityVersion = "Xcode 3.2";
			developmentRegion = English;
			hasScannedForEncodings = 0;
			knownRegions = (
				en,
				Base,
			);
			mainGroup = 9D7D5A381BE472D300E1E1EF;
			productRefGroup = 9D7D5A421BE472D300E1E1EF /* Products */;
			projectDirPath = "";
			projectRoot = "";
			targets = (
				9D7D5A401BE472D300E1E1EF /* Zju_SmartHome */,
				9D7D5A5C1BE472D300E1E1EF /* Zju_SmartHomeTests */,
				9D7D5A671BE472D300E1E1EF /* Zju_SmartHomeUITests */,
			);
		};
/* End PBXProject section */

/* Begin PBXResourcesBuildPhase section */
		9D7D5A3F1BE472D300E1E1EF /* Resources */ = {
			isa = PBXResourcesBuildPhase;
			buildActionMask = 2147483647;
			files = (
				9D7D5A8C1BE4748200E1E1EF /* loginXib.xib in Resources */,
				9D564D581BFEAD220062700D /* JYMainXib.xib in Resources */,
				9D564DBF1BFF69A10062700D /* CYFFurnitureViewController.xib in Resources */,
				9D7D5A571BE472D300E1E1EF /* LaunchScreen.storyboard in Resources */,
				9D7D5A541BE472D300E1E1EF /* Assets.xcassets in Resources */,
				9D5FF5AB1BE9930B004371E5 /* JYRegister.xib in Resources */,
				7174E3A41BEFAEC500170AAA /* MBProgressHUD.bundle in Resources */,
			);
			runOnlyForDeploymentPostprocessing = 0;
		};
		9D7D5A5B1BE472D300E1E1EF /* Resources */ = {
			isa = PBXResourcesBuildPhase;
			buildActionMask = 2147483647;
			files = (
			);
			runOnlyForDeploymentPostprocessing = 0;
		};
		9D7D5A661BE472D300E1E1EF /* Resources */ = {
			isa = PBXResourcesBuildPhase;
			buildActionMask = 2147483647;
			files = (
			);
			runOnlyForDeploymentPostprocessing = 0;
		};
/* End PBXResourcesBuildPhase section */

/* Begin PBXShellScriptBuildPhase section */
		0A205A5F0820BBA8CBA8A71B /* Check Pods Manifest.lock */ = {
			isa = PBXShellScriptBuildPhase;
			buildActionMask = 2147483647;
			files = (
			);
			inputPaths = (
			);
			name = "Check Pods Manifest.lock";
			outputPaths = (
			);
			runOnlyForDeploymentPostprocessing = 0;
			shellPath = /bin/sh;
			shellScript = "diff \"${PODS_ROOT}/../Podfile.lock\" \"${PODS_ROOT}/Manifest.lock\" > /dev/null\nif [[ $? != 0 ]] ; then\n    cat << EOM\nerror: The sandbox is not in sync with the Podfile.lock. Run 'pod install' or update your CocoaPods installation.\nEOM\n    exit 1\nfi\n";
			showEnvVarsInLog = 0;
		};
		20A44C86D79743DB6CE47985 /* Copy Pods Resources */ = {
			isa = PBXShellScriptBuildPhase;
			buildActionMask = 2147483647;
			files = (
			);
			inputPaths = (
			);
			name = "Copy Pods Resources";
			outputPaths = (
			);
			runOnlyForDeploymentPostprocessing = 0;
			shellPath = /bin/sh;
			shellScript = "\"${SRCROOT}/Pods/Target Support Files/Pods/Pods-resources.sh\"\n";
			showEnvVarsInLog = 0;
		};
		557BEA33016C3EA663A6C9C0 /* Embed Pods Frameworks */ = {
			isa = PBXShellScriptBuildPhase;
			buildActionMask = 2147483647;
			files = (
			);
			inputPaths = (
			);
			name = "Embed Pods Frameworks";
			outputPaths = (
			);
			runOnlyForDeploymentPostprocessing = 0;
			shellPath = /bin/sh;
			shellScript = "\"${SRCROOT}/Pods/Target Support Files/Pods/Pods-frameworks.sh\"\n";
			showEnvVarsInLog = 0;
		};
/* End PBXShellScriptBuildPhase section */

/* Begin PBXSourcesBuildPhase section */
		9D7D5A3D1BE472D300E1E1EF /* Sources */ = {
			isa = PBXSourcesBuildPhase;
			buildActionMask = 2147483647;
			files = (
				9D7D5A521BE472D300E1E1EF /* Zju_SmartHome.xcdatamodeld in Sources */,
				9D7D5A8A1BE4744000E1E1EF /* JYLoginViewController.m in Sources */,
				9D5FF5B41BEA2C2E004371E5 /* JYNavigationController.m in Sources */,
				9D7D5A871BE4740100E1E1EF /* main.m in Sources */,
				7174E3A31BEFAEC500170AAA /* MBProgressHUD+MJ.m in Sources */,
				9D7D5A8F1BE474BD00E1E1EF /* JYLoginXib.m in Sources */,
				9DB7CC941BE8FD7C0044AA75 /* JYRegisterViewController.m in Sources */,
				9D6568641BEB846F006D9507 /* JYLoginStatus.m in Sources */,
				9D5FF5AE1BE9942A004371E5 /* JYRegisterXib.m in Sources */,
				9D6568671BEB8861006D9507 /* JYUserData.m in Sources */,
				9D564DBA1BFF68DD0062700D /* CYFCollectionReusableView.m in Sources */,
				9D564D5B1BFEAD630062700D /* JYMainView.m in Sources */,
				9D564DBE1BFF69A10062700D /* CYFFurnitureViewController.m in Sources */,
				9D121BD61BF22B92007697B2 /* DLLeftSlideView.m in Sources */,
				9D564DB71BFF688A0062700D /* CYFCollectionViewCell.m in Sources */,
				9D564DC51C0007290062700D /* JYFurniture.m in Sources */,
				9D7D5A861BE4740100E1E1EF /* AppDelegate.m in Sources */,
				9D564DC21BFFF6E50062700D /* JYElectricalController.m in Sources */,
				9D564D4F1BFEAB840062700D /* CYFMainViewController.m in Sources */,
				7174E3A51BEFAEC500170AAA /* MBProgressHUD.m in Sources */,
			);
			runOnlyForDeploymentPostprocessing = 0;
		};
		9D7D5A591BE472D300E1E1EF /* Sources */ = {
			isa = PBXSourcesBuildPhase;
			buildActionMask = 2147483647;
			files = (
				9D7D5A621BE472D300E1E1EF /* Zju_SmartHomeTests.m in Sources */,
			);
			runOnlyForDeploymentPostprocessing = 0;
		};
		9D7D5A641BE472D300E1E1EF /* Sources */ = {
			isa = PBXSourcesBuildPhase;
			buildActionMask = 2147483647;
			files = (
				9D7D5A6D1BE472D300E1E1EF /* Zju_SmartHomeUITests.m in Sources */,
			);
			runOnlyForDeploymentPostprocessing = 0;
		};
/* End PBXSourcesBuildPhase section */

/* Begin PBXTargetDependency section */
		9D7D5A5F1BE472D300E1E1EF /* PBXTargetDependency */ = {
			isa = PBXTargetDependency;
			target = 9D7D5A401BE472D300E1E1EF /* Zju_SmartHome */;
			targetProxy = 9D7D5A5E1BE472D300E1E1EF /* PBXContainerItemProxy */;
		};
		9D7D5A6A1BE472D300E1E1EF /* PBXTargetDependency */ = {
			isa = PBXTargetDependency;
			target = 9D7D5A401BE472D300E1E1EF /* Zju_SmartHome */;
			targetProxy = 9D7D5A691BE472D300E1E1EF /* PBXContainerItemProxy */;
		};
/* End PBXTargetDependency section */

/* Begin PBXVariantGroup section */
		9D7D5A551BE472D300E1E1EF /* LaunchScreen.storyboard */ = {
			isa = PBXVariantGroup;
			children = (
				9D7D5A561BE472D300E1E1EF /* Base */,
			);
			name = LaunchScreen.storyboard;
			sourceTree = "<group>";
		};
/* End PBXVariantGroup section */

/* Begin XCBuildConfiguration section */
		9D7D5A6F1BE472D300E1E1EF /* Debug */ = {
			isa = XCBuildConfiguration;
			buildSettings = {
				ALWAYS_SEARCH_USER_PATHS = NO;
				CLANG_CXX_LANGUAGE_STANDARD = "gnu++0x";
				CLANG_CXX_LIBRARY = "libc++";
				CLANG_ENABLE_MODULES = YES;
				CLANG_ENABLE_OBJC_ARC = YES;
				CLANG_WARN_BOOL_CONVERSION = YES;
				CLANG_WARN_CONSTANT_CONVERSION = YES;
				CLANG_WARN_DIRECT_OBJC_ISA_USAGE = YES_ERROR;
				CLANG_WARN_EMPTY_BODY = YES;
				CLANG_WARN_ENUM_CONVERSION = YES;
				CLANG_WARN_INT_CONVERSION = YES;
				CLANG_WARN_OBJC_ROOT_CLASS = YES_ERROR;
				CLANG_WARN_UNREACHABLE_CODE = YES;
				CLANG_WARN__DUPLICATE_METHOD_MATCH = YES;
				"CODE_SIGN_IDENTITY[sdk=iphoneos*]" = "iPhone Developer";
				COPY_PHASE_STRIP = NO;
				DEBUG_INFORMATION_FORMAT = dwarf;
				ENABLE_STRICT_OBJC_MSGSEND = YES;
				ENABLE_TESTABILITY = YES;
				GCC_C_LANGUAGE_STANDARD = gnu99;
				GCC_DYNAMIC_NO_PIC = NO;
				GCC_NO_COMMON_BLOCKS = YES;
				GCC_OPTIMIZATION_LEVEL = 0;
				GCC_PREPROCESSOR_DEFINITIONS = (
					"DEBUG=1",
					"$(inherited)",
				);
				GCC_WARN_64_TO_32_BIT_CONVERSION = YES;
				GCC_WARN_ABOUT_RETURN_TYPE = YES_ERROR;
				GCC_WARN_UNDECLARED_SELECTOR = YES;
				GCC_WARN_UNINITIALIZED_AUTOS = YES_AGGRESSIVE;
				GCC_WARN_UNUSED_FUNCTION = YES;
				GCC_WARN_UNUSED_VARIABLE = YES;
				IPHONEOS_DEPLOYMENT_TARGET = 9.0;
				MTL_ENABLE_DEBUG_INFO = YES;
				ONLY_ACTIVE_ARCH = YES;
				SDKROOT = iphoneos;
				TARGETED_DEVICE_FAMILY = "1,2";
			};
			name = Debug;
		};
		9D7D5A701BE472D300E1E1EF /* Release */ = {
			isa = XCBuildConfiguration;
			buildSettings = {
				ALWAYS_SEARCH_USER_PATHS = NO;
				CLANG_CXX_LANGUAGE_STANDARD = "gnu++0x";
				CLANG_CXX_LIBRARY = "libc++";
				CLANG_ENABLE_MODULES = YES;
				CLANG_ENABLE_OBJC_ARC = YES;
				CLANG_WARN_BOOL_CONVERSION = YES;
				CLANG_WARN_CONSTANT_CONVERSION = YES;
				CLANG_WARN_DIRECT_OBJC_ISA_USAGE = YES_ERROR;
				CLANG_WARN_EMPTY_BODY = YES;
				CLANG_WARN_ENUM_CONVERSION = YES;
				CLANG_WARN_INT_CONVERSION = YES;
				CLANG_WARN_OBJC_ROOT_CLASS = YES_ERROR;
				CLANG_WARN_UNREACHABLE_CODE = YES;
				CLANG_WARN__DUPLICATE_METHOD_MATCH = YES;
				"CODE_SIGN_IDENTITY[sdk=iphoneos*]" = "iPhone Developer";
				COPY_PHASE_STRIP = NO;
				DEBUG_INFORMATION_FORMAT = "dwarf-with-dsym";
				ENABLE_NS_ASSERTIONS = NO;
				ENABLE_STRICT_OBJC_MSGSEND = YES;
				GCC_C_LANGUAGE_STANDARD = gnu99;
				GCC_NO_COMMON_BLOCKS = YES;
				GCC_WARN_64_TO_32_BIT_CONVERSION = YES;
				GCC_WARN_ABOUT_RETURN_TYPE = YES_ERROR;
				GCC_WARN_UNDECLARED_SELECTOR = YES;
				GCC_WARN_UNINITIALIZED_AUTOS = YES_AGGRESSIVE;
				GCC_WARN_UNUSED_FUNCTION = YES;
				GCC_WARN_UNUSED_VARIABLE = YES;
				IPHONEOS_DEPLOYMENT_TARGET = 9.0;
				MTL_ENABLE_DEBUG_INFO = NO;
				SDKROOT = iphoneos;
				TARGETED_DEVICE_FAMILY = "1,2";
				VALIDATE_PRODUCT = YES;
			};
			name = Release;
		};
		9D7D5A721BE472D300E1E1EF /* Debug */ = {
			isa = XCBuildConfiguration;
			baseConfigurationReference = 5C2168D92BC3D6A7F5365A43 /* Pods.debug.xcconfig */;
			buildSettings = {
				ASSETCATALOG_COMPILER_APPICON_NAME = AppIcon;
				INFOPLIST_FILE = Zju_SmartHome/Info.plist;
				LD_RUNPATH_SEARCH_PATHS = "$(inherited) @executable_path/Frameworks";
				PRODUCT_BUNDLE_IDENTIFIER = "com.FK.GJY.Zju-SmartHome";
				PRODUCT_NAME = "$(TARGET_NAME)";
			};
			name = Debug;
		};
		9D7D5A731BE472D300E1E1EF /* Release */ = {
			isa = XCBuildConfiguration;
			baseConfigurationReference = FFC4EA9F1F216133F840AA56 /* Pods.release.xcconfig */;
			buildSettings = {
				ASSETCATALOG_COMPILER_APPICON_NAME = AppIcon;
				INFOPLIST_FILE = Zju_SmartHome/Info.plist;
				LD_RUNPATH_SEARCH_PATHS = "$(inherited) @executable_path/Frameworks";
				PRODUCT_BUNDLE_IDENTIFIER = "com.FK.GJY.Zju-SmartHome";
				PRODUCT_NAME = "$(TARGET_NAME)";
			};
			name = Release;
		};
		9D7D5A751BE472D300E1E1EF /* Debug */ = {
			isa = XCBuildConfiguration;
			buildSettings = {
				BUNDLE_LOADER = "$(TEST_HOST)";
				INFOPLIST_FILE = Zju_SmartHomeTests/Info.plist;
				LD_RUNPATH_SEARCH_PATHS = "$(inherited) @executable_path/Frameworks @loader_path/Frameworks";
				PRODUCT_BUNDLE_IDENTIFIER = "com.FK.GJY.Zju-SmartHomeTests";
				PRODUCT_NAME = "$(TARGET_NAME)";
				TEST_HOST = "$(BUILT_PRODUCTS_DIR)/Zju_SmartHome.app/Zju_SmartHome";
			};
			name = Debug;
		};
		9D7D5A761BE472D300E1E1EF /* Release */ = {
			isa = XCBuildConfiguration;
			buildSettings = {
				BUNDLE_LOADER = "$(TEST_HOST)";
				INFOPLIST_FILE = Zju_SmartHomeTests/Info.plist;
				LD_RUNPATH_SEARCH_PATHS = "$(inherited) @executable_path/Frameworks @loader_path/Frameworks";
				PRODUCT_BUNDLE_IDENTIFIER = "com.FK.GJY.Zju-SmartHomeTests";
				PRODUCT_NAME = "$(TARGET_NAME)";
				TEST_HOST = "$(BUILT_PRODUCTS_DIR)/Zju_SmartHome.app/Zju_SmartHome";
			};
			name = Release;
		};
		9D7D5A781BE472D300E1E1EF /* Debug */ = {
			isa = XCBuildConfiguration;
			buildSettings = {
				INFOPLIST_FILE = Zju_SmartHomeUITests/Info.plist;
				LD_RUNPATH_SEARCH_PATHS = "$(inherited) @executable_path/Frameworks @loader_path/Frameworks";
				PRODUCT_BUNDLE_IDENTIFIER = "com.FK.GJY.Zju-SmartHomeUITests";
				PRODUCT_NAME = "$(TARGET_NAME)";
				TEST_TARGET_NAME = Zju_SmartHome;
				USES_XCTRUNNER = YES;
			};
			name = Debug;
		};
		9D7D5A791BE472D300E1E1EF /* Release */ = {
			isa = XCBuildConfiguration;
			buildSettings = {
				INFOPLIST_FILE = Zju_SmartHomeUITests/Info.plist;
				LD_RUNPATH_SEARCH_PATHS = "$(inherited) @executable_path/Frameworks @loader_path/Frameworks";
				PRODUCT_BUNDLE_IDENTIFIER = "com.FK.GJY.Zju-SmartHomeUITests";
				PRODUCT_NAME = "$(TARGET_NAME)";
				TEST_TARGET_NAME = Zju_SmartHome;
				USES_XCTRUNNER = YES;
			};
			name = Release;
		};
/* End XCBuildConfiguration section */

/* Begin XCConfigurationList section */
		9D7D5A3C1BE472D300E1E1EF /* Build configuration list for PBXProject "Zju_SmartHome" */ = {
			isa = XCConfigurationList;
			buildConfigurations = (
				9D7D5A6F1BE472D300E1E1EF /* Debug */,
				9D7D5A701BE472D300E1E1EF /* Release */,
			);
			defaultConfigurationIsVisible = 0;
			defaultConfigurationName = Release;
		};
		9D7D5A711BE472D300E1E1EF /* Build configuration list for PBXNativeTarget "Zju_SmartHome" */ = {
			isa = XCConfigurationList;
			buildConfigurations = (
				9D7D5A721BE472D300E1E1EF /* Debug */,
				9D7D5A731BE472D300E1E1EF /* Release */,
			);
			defaultConfigurationIsVisible = 0;
			defaultConfigurationName = Release;
		};
		9D7D5A741BE472D300E1E1EF /* Build configuration list for PBXNativeTarget "Zju_SmartHomeTests" */ = {
			isa = XCConfigurationList;
			buildConfigurations = (
				9D7D5A751BE472D300E1E1EF /* Debug */,
				9D7D5A761BE472D300E1E1EF /* Release */,
			);
			defaultConfigurationIsVisible = 0;
			defaultConfigurationName = Release;
		};
		9D7D5A771BE472D300E1E1EF /* Build configuration list for PBXNativeTarget "Zju_SmartHomeUITests" */ = {
			isa = XCConfigurationList;
			buildConfigurations = (
				9D7D5A781BE472D300E1E1EF /* Debug */,
				9D7D5A791BE472D300E1E1EF /* Release */,
			);
			defaultConfigurationIsVisible = 0;
			defaultConfigurationName = Release;
		};
/* End XCConfigurationList section */

/* Begin XCVersionGroup section */
		9D7D5A501BE472D300E1E1EF /* Zju_SmartHome.xcdatamodeld */ = {
			isa = XCVersionGroup;
			children = (
				9D7D5A511BE472D300E1E1EF /* Zju_SmartHome.xcdatamodel */,
			);
			currentVersion = 9D7D5A511BE472D300E1E1EF /* Zju_SmartHome.xcdatamodel */;
			path = Zju_SmartHome.xcdatamodeld;
			sourceTree = "<group>";
			versionGroupType = wrapper.xcdatamodel;
		};
/* End XCVersionGroup section */
	};
	rootObject = 9D7D5A391BE472D300E1E1EF /* Project object */;
}
